// !$*UTF8*$!
{
	archiveVersion = 1;
	classes = {
	};
	objectVersion = 46;
	objects = {

/* Begin PBXBuildFile section */
		DA7E8EEE1E85187100FE8F4D /* ItemDetailsVC.swift in Sources */ = {isa = PBXBuildFile; fileRef = DA7E8EED1E85187100FE8F4D /* ItemDetailsVC.swift */; };
		DAC956A11E83BFEA000D3D30 /* AppDelegate.swift in Sources */ = {isa = PBXBuildFile; fileRef = DAC956A01E83BFEA000D3D30 /* AppDelegate.swift */; };
		DAC956A31E83BFEA000D3D30 /* MainVC.swift in Sources */ = {isa = PBXBuildFile; fileRef = DAC956A21E83BFEA000D3D30 /* MainVC.swift */; };
		DAC956A61E83BFEA000D3D30 /* Main.storyboard in Resources */ = {isa = PBXBuildFile; fileRef = DAC956A41E83BFEA000D3D30 /* Main.storyboard */; };
		DAC956A91E83BFEA000D3D30 /* DreamLister.xcdatamodeld in Sources */ = {isa = PBXBuildFile; fileRef = DAC956A71E83BFEA000D3D30 /* DreamLister.xcdatamodeld */; };
		DAC956AB1E83BFEA000D3D30 /* Assets.xcassets in Resources */ = {isa = PBXBuildFile; fileRef = DAC956AA1E83BFEA000D3D30 /* Assets.xcassets */; };
		DAC956AE1E83BFEA000D3D30 /* LaunchScreen.storyboard in Resources */ = {isa = PBXBuildFile; fileRef = DAC956AC1E83BFEA000D3D30 /* LaunchScreen.storyboard */; };
		DAC956B91E83BFEA000D3D30 /* DreamListerTests.swift in Sources */ = {isa = PBXBuildFile; fileRef = DAC956B81E83BFEA000D3D30 /* DreamListerTests.swift */; };
		DAC956C41E83BFEA000D3D30 /* DreamListerUITests.swift in Sources */ = {isa = PBXBuildFile; fileRef = DAC956C31E83BFEA000D3D30 /* DreamListerUITests.swift */; };
		DAC956E91E83D01C000D3D30 /* MaterialView.swift in Sources */ = {isa = PBXBuildFile; fileRef = DAC956E81E83D01C000D3D30 /* MaterialView.swift */; };
		DAC956EB1E83D378000D3D30 /* ItemCell.swift in Sources */ = {isa = PBXBuildFile; fileRef = DAC956EA1E83D378000D3D30 /* ItemCell.swift */; };
/* End PBXBuildFile section */

/* Begin PBXContainerItemProxy section */
		DAC956B51E83BFEA000D3D30 /* PBXContainerItemProxy */ = {
			isa = PBXContainerItemProxy;
			containerPortal = DAC956951E83BFEA000D3D30 /* Project object */;
			proxyType = 1;
			remoteGlobalIDString = DAC9569C1E83BFEA000D3D30;
			remoteInfo = DreamLister;
		};
		DAC956C01E83BFEA000D3D30 /* PBXContainerItemProxy */ = {
			isa = PBXContainerItemProxy;
			containerPortal = DAC956951E83BFEA000D3D30 /* Project object */;
			proxyType = 1;
			remoteGlobalIDString = DAC9569C1E83BFEA000D3D30;
			remoteInfo = DreamLister;
		};
/* End PBXContainerItemProxy section */

/* Begin PBXFileReference section */
		DA7E8EED1E85187100FE8F4D /* ItemDetailsVC.swift */ = {isa = PBXFileReference; fileEncoding = 4; lastKnownFileType = sourcecode.swift; path = ItemDetailsVC.swift; sourceTree = "<group>"; };
		DAC9569D1E83BFEA000D3D30 /* DreamLister.app */ = {isa = PBXFileReference; explicitFileType = wrapper.application; includeInIndex = 0; path = DreamLister.app; sourceTree = BUILT_PRODUCTS_DIR; };
		DAC956A01E83BFEA000D3D30 /* AppDelegate.swift */ = {isa = PBXFileReference; lastKnownFileType = sourcecode.swift; path = AppDelegate.swift; sourceTree = "<group>"; };
		DAC956A21E83BFEA000D3D30 /* MainVC.swift */ = {isa = PBXFileReference; lastKnownFileType = sourcecode.swift; path = MainVC.swift; sourceTree = "<group>"; };
		DAC956A51E83BFEA000D3D30 /* Base */ = {isa = PBXFileReference; lastKnownFileType = file.storyboard; name = Base; path = Base.lproj/Main.storyboard; sourceTree = "<group>"; };
		DAC956A81E83BFEA000D3D30 /* DreamLister.xcdatamodel */ = {isa = PBXFileReference; lastKnownFileType = wrapper.xcdatamodel; path = DreamLister.xcdatamodel; sourceTree = "<group>"; };
		DAC956AA1E83BFEA000D3D30 /* Assets.xcassets */ = {isa = PBXFileReference; lastKnownFileType = folder.assetcatalog; path = Assets.xcassets; sourceTree = "<group>"; };
		DAC956AD1E83BFEA000D3D30 /* Base */ = {isa = PBXFileReference; lastKnownFileType = file.storyboard; name = Base; path = Base.lproj/LaunchScreen.storyboard; sourceTree = "<group>"; };
		DAC956AF1E83BFEA000D3D30 /* Info.plist */ = {isa = PBXFileReference; lastKnownFileType = text.plist.xml; path = Info.plist; sourceTree = "<group>"; };
		DAC956B41E83BFEA000D3D30 /* DreamListerTests.xctest */ = {isa = PBXFileReference; explicitFileType = wrapper.cfbundle; includeInIndex = 0; path = DreamListerTests.xctest; sourceTree = BUILT_PRODUCTS_DIR; };
		DAC956B81E83BFEA000D3D30 /* DreamListerTests.swift */ = {isa = PBXFileReference; lastKnownFileType = sourcecode.swift; path = DreamListerTests.swift; sourceTree = "<group>"; };
		DAC956BA1E83BFEA000D3D30 /* Info.plist */ = {isa = PBXFileReference; lastKnownFileType = text.plist.xml; path = Info.plist; sourceTree = "<group>"; };
		DAC956BF1E83BFEA000D3D30 /* DreamListerUITests.xctest */ = {isa = PBXFileReference; explicitFileType = wrapper.cfbundle; includeInIndex = 0; path = DreamListerUITests.xctest; sourceTree = BUILT_PRODUCTS_DIR; };
		DAC956C31E83BFEA000D3D30 /* DreamListerUITests.swift */ = {isa = PBXFileReference; lastKnownFileType = sourcecode.swift; path = DreamListerUITests.swift; sourceTree = "<group>"; };
		DAC956C51E83BFEA000D3D30 /* Info.plist */ = {isa = PBXFileReference; lastKnownFileType = text.plist.xml; path = Info.plist; sourceTree = "<group>"; };
		DAC956E81E83D01C000D3D30 /* MaterialView.swift */ = {isa = PBXFileReference; fileEncoding = 4; lastKnownFileType = sourcecode.swift; path = MaterialView.swift; sourceTree = "<group>"; };
		DAC956EA1E83D378000D3D30 /* ItemCell.swift */ = {isa = PBXFileReference; fileEncoding = 4; lastKnownFileType = sourcecode.swift; path = ItemCell.swift; sourceTree = "<group>"; };
/* End PBXFileReference section */

/* Begin PBXFrameworksBuildPhase section */
		DAC9569A1E83BFEA000D3D30 /* Frameworks */ = {
			isa = PBXFrameworksBuildPhase;
			buildActionMask = 2147483647;
			files = (
			);
			runOnlyForDeploymentPostprocessing = 0;
		};
		DAC956B11E83BFEA000D3D30 /* Frameworks */ = {
			isa = PBXFrameworksBuildPhase;
			buildActionMask = 2147483647;
			files = (
			);
			runOnlyForDeploymentPostprocessing = 0;
		};
		DAC956BC1E83BFEA000D3D30 /* Frameworks */ = {
			isa = PBXFrameworksBuildPhase;
			buildActionMask = 2147483647;
			files = (
			);
			runOnlyForDeploymentPostprocessing = 0;
		};
/* End PBXFrameworksBuildPhase section */

/* Begin PBXGroup section */
		DA7E8EEC1E85183C00FE8F4D /* Controller */ = {
			isa = PBXGroup;
			children = (
				DAC956A21E83BFEA000D3D30 /* MainVC.swift */,
				DA7E8EED1E85187100FE8F4D /* ItemDetailsVC.swift */,
			);
			name = Controller;
			sourceTree = "<group>";
		};
		DAC956941E83BFEA000D3D30 = {
			isa = PBXGroup;
			children = (
				DAC9569F1E83BFEA000D3D30 /* DreamLister */,
				DAC956B71E83BFEA000D3D30 /* DreamListerTests */,
				DAC956C21E83BFEA000D3D30 /* DreamListerUITests */,
				DAC9569E1E83BFEA000D3D30 /* Products */,
			);
			sourceTree = "<group>";
		};
		DAC9569E1E83BFEA000D3D30 /* Products */ = {
			isa = PBXGroup;
			children = (
				DAC9569D1E83BFEA000D3D30 /* DreamLister.app */,
				DAC956B41E83BFEA000D3D30 /* DreamListerTests.xctest */,
				DAC956BF1E83BFEA000D3D30 /* DreamListerUITests.xctest */,
			);
			name = Products;
			sourceTree = "<group>";
		};
		DAC9569F1E83BFEA000D3D30 /* DreamLister */ = {
			isa = PBXGroup;
			children = (
				DA7E8EEC1E85183C00FE8F4D /* Controller */,
				DAC956E71E83CFFC000D3D30 /* View */,
				DAC956A01E83BFEA000D3D30 /* AppDelegate.swift */,
				DAC956A41E83BFEA000D3D30 /* Main.storyboard */,
				DAC956AA1E83BFEA000D3D30 /* Assets.xcassets */,
				DAC956AC1E83BFEA000D3D30 /* LaunchScreen.storyboard */,
				DAC956AF1E83BFEA000D3D30 /* Info.plist */,
				DAC956A71E83BFEA000D3D30 /* DreamLister.xcdatamodeld */,
			);
			path = DreamLister;
			sourceTree = "<group>";
		};
		DAC956B71E83BFEA000D3D30 /* DreamListerTests */ = {
			isa = PBXGroup;
			children = (
				DAC956B81E83BFEA000D3D30 /* DreamListerTests.swift */,
				DAC956BA1E83BFEA000D3D30 /* Info.plist */,
			);
			path = DreamListerTests;
			sourceTree = "<group>";
		};
		DAC956C21E83BFEA000D3D30 /* DreamListerUITests */ = {
			isa = PBXGroup;
			children = (
				DAC956C31E83BFEA000D3D30 /* DreamListerUITests.swift */,
				DAC956C51E83BFEA000D3D30 /* Info.plist */,
			);
			path = DreamListerUITests;
			sourceTree = "<group>";
		};
		DAC956E71E83CFFC000D3D30 /* View */ = {
			isa = PBXGroup;
			children = (
				DAC956E81E83D01C000D3D30 /* MaterialView.swift */,
				DAC956EA1E83D378000D3D30 /* ItemCell.swift */,
			);
			name = View;
			sourceTree = "<group>";
		};
/* End PBXGroup section */

/* Begin PBXNativeTarget section */
		DAC9569C1E83BFEA000D3D30 /* DreamLister */ = {
			isa = PBXNativeTarget;
			buildConfigurationList = DAC956C81E83BFEA000D3D30 /* Build configuration list for PBXNativeTarget "DreamLister" */;
			buildPhases = (
				DAC956991E83BFEA000D3D30 /* Sources */,
				DAC9569A1E83BFEA000D3D30 /* Frameworks */,
				DAC9569B1E83BFEA000D3D30 /* Resources */,
			);
			buildRules = (
			);
			dependencies = (
			);
			name = DreamLister;
			productName = DreamLister;
			productReference = DAC9569D1E83BFEA000D3D30 /* DreamLister.app */;
			productType = "com.apple.product-type.application";
		};
		DAC956B31E83BFEA000D3D30 /* DreamListerTests */ = {
			isa = PBXNativeTarget;
			buildConfigurationList = DAC956CB1E83BFEA000D3D30 /* Build configuration list for PBXNativeTarget "DreamListerTests" */;
			buildPhases = (
				DAC956B01E83BFEA000D3D30 /* Sources */,
				DAC956B11E83BFEA000D3D30 /* Frameworks */,
				DAC956B21E83BFEA000D3D30 /* Resources */,
			);
			buildRules = (
			);
			dependencies = (
				DAC956B61E83BFEA000D3D30 /* PBXTargetDependency */,
			);
			name = DreamListerTests;
			productName = DreamListerTests;
			productReference = DAC956B41E83BFEA000D3D30 /* DreamListerTests.xctest */;
			productType = "com.apple.product-type.bundle.unit-test";
		};
		DAC956BE1E83BFEA000D3D30 /* DreamListerUITests */ = {
			isa = PBXNativeTarget;
			buildConfigurationList = DAC956CE1E83BFEA000D3D30 /* Build configuration list for PBXNativeTarget "DreamListerUITests" */;
			buildPhases = (
				DAC956BB1E83BFEA000D3D30 /* Sources */,
				DAC956BC1E83BFEA000D3D30 /* Frameworks */,
				DAC956BD1E83BFEA000D3D30 /* Resources */,
			);
			buildRules = (
			);
			dependencies = (
				DAC956C11E83BFEA000D3D30 /* PBXTargetDependency */,
			);
			name = DreamListerUITests;
			productName = DreamListerUITests;
			productReference = DAC956BF1E83BFEA000D3D30 /* DreamListerUITests.xctest */;
			productType = "com.apple.product-type.bundle.ui-testing";
		};
/* End PBXNativeTarget section */

/* Begin PBXProject section */
		DAC956951E83BFEA000D3D30 /* Project object */ = {
			isa = PBXProject;
			attributes = {
				LastSwiftUpdateCheck = 0820;
				LastUpgradeCheck = 0820;
				ORGANIZATIONNAME = paul;
				TargetAttributes = {
					DAC9569C1E83BFEA000D3D30 = {
						CreatedOnToolsVersion = 8.2.1;
						ProvisioningStyle = Automatic;
					};
					DAC956B31E83BFEA000D3D30 = {
						CreatedOnToolsVersion = 8.2.1;
						ProvisioningStyle = Automatic;
						TestTargetID = DAC9569C1E83BFEA000D3D30;
					};
					DAC956BE1E83BFEA000D3D30 = {
						CreatedOnToolsVersion = 8.2.1;
						ProvisioningStyle = Automatic;
						TestTargetID = DAC9569C1E83BFEA000D3D30;
					};
				};
			};
			buildConfigurationList = DAC956981E83BFEA000D3D30 /* Build configuration list for PBXProject "DreamLister" */;
			compatibilityVersion = "Xcode 3.2";
			developmentRegion = English;
			hasScannedForEncodings = 0;
			knownRegions = (
				en,
				Base,
			);
			mainGroup = DAC956941E83BFEA000D3D30;
			productRefGroup = DAC9569E1E83BFEA000D3D30 /* Products */;
			projectDirPath = "";
			projectRoot = "";
			targets = (
				DAC9569C1E83BFEA000D3D30 /* DreamLister */,
				DAC956B31E83BFEA000D3D30 /* DreamListerTests */,
				DAC956BE1E83BFEA000D3D30 /* DreamListerUITests */,
			);
		};
/* End PBXProject section */

/* Begin PBXResourcesBuildPhase section */
		DAC9569B1E83BFEA000D3D30 /* Resources */ = {
			isa = PBXResourcesBuildPhase;
			buildActionMask = 2147483647;
			files = (
				DAC956AE1E83BFEA000D3D30 /* LaunchScreen.storyboard in Resources */,
				DAC956AB1E83BFEA000D3D30 /* Assets.xcassets in Resources */,
				DAC956A61E83BFEA000D3D30 /* Main.storyboard in Resources */,
			);
			runOnlyForDeploymentPostprocessing = 0;
		};
		DAC956B21E83BFEA000D3D30 /* Resources */ = {
			isa = PBXResourcesBuildPhase;
			buildActionMask = 2147483647;
			files = (
			);
			runOnlyForDeploymentPostprocessing = 0;
		};
		DAC956BD1E83BFEA000D3D30 /* Resources */ = {
			isa = PBXResourcesBuildPhase;
			buildActionMask = 2147483647;
			files = (
			);
			runOnlyForDeploymentPostprocessing = 0;
		};
/* End PBXResourcesBuildPhase section */

/* Begin PBXSourcesBuildPhase section */
		DAC956991E83BFEA000D3D30 /* Sources */ = {
			isa = PBXSourcesBuildPhase;
			buildActionMask = 2147483647;
			files = (
				DA7E8EEE1E85187100FE8F4D /* ItemDetailsVC.swift in Sources */,
				DAC956A31E83BFEA000D3D30 /* MainVC.swift in Sources */,
				DAC956A11E83BFEA000D3D30 /* AppDelegate.swift in Sources */,
				DAC956A91E83BFEA000D3D30 /* DreamLister.xcdatamodeld in Sources */,
				DAC956E91E83D01C000D3D30 /* MaterialView.swift in Sources */,
				DAC956EB1E83D378000D3D30 /* ItemCell.swift in Sources */,
			);
			runOnlyForDeploymentPostprocessing = 0;
		};
		DAC956B01E83BFEA000D3D30 /* Sources */ = {
			isa = PBXSourcesBuildPhase;
			buildActionMask = 2147483647;
			files = (
				DAC956B91E83BFEA000D3D30 /* DreamListerTests.swift in Sources */,
			);
			runOnlyForDeploymentPostprocessing = 0;
		};
		DAC956BB1E83BFEA000D3D30 /* Sources */ = {
			isa = PBXSourcesBuildPhase;
			buildActionMask = 2147483647;
			files = (
				DAC956C41E83BFEA000D3D30 /* DreamListerUITests.swift in Sources */,
			);
			runOnlyForDeploymentPostprocessing = 0;
		};
/* End PBXSourcesBuildPhase section */

/* Begin PBXTargetDependency section */
		DAC956B61E83BFEA000D3D30 /* PBXTargetDependency */ = {
			isa = PBXTargetDependency;
			target = DAC9569C1E83BFEA000D3D30 /* DreamLister */;
			targetProxy = DAC956B51E83BFEA000D3D30 /* PBXContainerItemProxy */;
		};
		DAC956C11E83BFEA000D3D30 /* PBXTargetDependency */ = {
			isa = PBXTargetDependency;
			target = DAC9569C1E83BFEA000D3D30 /* DreamLister */;
			targetProxy = DAC956C01E83BFEA000D3D30 /* PBXContainerItemProxy */;
		};
/* End PBXTargetDependency section */

/* Begin PBXVariantGroup section */
		DAC956A41E83BFEA000D3D30 /* Main.storyboard */ = {
			isa = PBXVariantGroup;
			children = (
				DAC956A51E83BFEA000D3D30 /* Base */,
			);
			name = Main.storyboard;
			sourceTree = "<group>";
		};
		DAC956AC1E83BFEA000D3D30 /* LaunchScreen.storyboard */ = {
			isa = PBXVariantGroup;
			children = (
				DAC956AD1E83BFEA000D3D30 /* Base */,
			);
			name = LaunchScreen.storyboard;
			sourceTree = "<group>";
		};
/* End PBXVariantGroup section */

/* Begin XCBuildConfiguration section */
		DAC956C61E83BFEA000D3D30 /* Debug */ = {
			isa = XCBuildConfiguration;
			buildSettings = {
				ALWAYS_SEARCH_USER_PATHS = NO;
				CLANG_ANALYZER_NONNULL = YES;
				CLANG_CXX_LANGUAGE_STANDARD = "gnu++0x";
				CLANG_CXX_LIBRARY = "libc++";
				CLANG_ENABLE_MODULES = YES;
				CLANG_ENABLE_OBJC_ARC = YES;
				CLANG_WARN_BOOL_CONVERSION = YES;
				CLANG_WARN_CONSTANT_CONVERSION = YES;
				CLANG_WARN_DIRECT_OBJC_ISA_USAGE = YES_ERROR;
				CLANG_WARN_DOCUMENTATION_COMMENTS = YES;
				CLANG_WARN_EMPTY_BODY = YES;
				CLANG_WARN_ENUM_CONVERSION = YES;
				CLANG_WARN_INFINITE_RECURSION = YES;
				CLANG_WARN_INT_CONVERSION = YES;
				CLANG_WARN_OBJC_ROOT_CLASS = YES_ERROR;
				CLANG_WARN_SUSPICIOUS_MOVE = YES;
				CLANG_WARN_UNREACHABLE_CODE = YES;
				CLANG_WARN__DUPLICATE_METHOD_MATCH = YES;
				"CODE_SIGN_IDENTITY[sdk=iphoneos*]" = "iPhone Developer";
				COPY_PHASE_STRIP = NO;
				DEBUG_INFORMATION_FORMAT = dwarf;
				ENABLE_STRICT_OBJC_MSGSEND = YES;
				ENABLE_TESTABILITY = YES;
				GCC_C_LANGUAGE_STANDARD = gnu99;
				GCC_DYNAMIC_NO_PIC = NO;
				GCC_NO_COMMON_BLOCKS = YES;
				GCC_OPTIMIZATION_LEVEL = 0;
				GCC_PREPROCESSOR_DEFINITIONS = (
					"DEBUG=1",
					"$(inherited)",
				);
				GCC_WARN_64_TO_32_BIT_CONVERSION = YES;
				GCC_WARN_ABOUT_RETURN_TYPE = YES_ERROR;
				GCC_WARN_UNDECLARED_SELECTOR = YES;
				GCC_WARN_UNINITIALIZED_AUTOS = YES_AGGRESSIVE;
				GCC_WARN_UNUSED_FUNCTION = YES;
				GCC_WARN_UNUSED_VARIABLE = YES;
				IPHONEOS_DEPLOYMENT_TARGET = 10.2;
				MTL_ENABLE_DEBUG_INFO = YES;
				ONLY_ACTIVE_ARCH = YES;
				SDKROOT = iphoneos;
				SWIFT_ACTIVE_COMPILATION_CONDITIONS = DEBUG;
				SWIFT_OPTIMIZATION_LEVEL = "-Onone";
				TARGETED_DEVICE_FAMILY = "1,2";
			};
			name = Debug;
		};
		DAC956C71E83BFEA000D3D30 /* Release */ = {
			isa = XCBuildConfiguration;
			buildSettings = {
				ALWAYS_SEARCH_USER_PATHS = NO;
				CLANG_ANALYZER_NONNULL = YES;
				CLANG_CXX_LANGUAGE_STANDARD = "gnu++0x";
				CLANG_CXX_LIBRARY = "libc++";
				CLANG_ENABLE_MODULES = YES;
				CLANG_ENABLE_OBJC_ARC = YES;
				CLANG_WARN_BOOL_CONVERSION = YES;
				CLANG_WARN_CONSTANT_CONVERSION = YES;
				CLANG_WARN_DIRECT_OBJC_ISA_USAGE = YES_ERROR;
				CLANG_WARN_DOCUMENTATION_COMMENTS = YES;
				CLANG_WARN_EMPTY_BODY = YES;
				CLANG_WARN_ENUM_CONVERSION = YES;
				CLANG_WARN_INFINITE_RECURSION = YES;
				CLANG_WARN_INT_CONVERSION = YES;
				CLANG_WARN_OBJC_ROOT_CLASS = YES_ERROR;
				CLANG_WARN_SUSPICIOUS_MOVE = YES;
				CLANG_WARN_UNREACHABLE_CODE = YES;
				CLANG_WARN__DUPLICATE_METHOD_MATCH = YES;
				"CODE_SIGN_IDENTITY[sdk=iphoneos*]" = "iPhone Developer";
				COPY_PHASE_STRIP = NO;
				DEBUG_INFORMATION_FORMAT = "dwarf-with-dsym";
				ENABLE_NS_ASSERTIONS = NO;
				ENABLE_STRICT_OBJC_MSGSEND = YES;
				GCC_C_LANGUAGE_STANDARD = gnu99;
				GCC_NO_COMMON_BLOCKS = YES;
				GCC_WARN_64_TO_32_BIT_CONVERSION = YES;
				GCC_WARN_ABOUT_RETURN_TYPE = YES_ERROR;
				GCC_WARN_UNDECLARED_SELECTOR = YES;
				GCC_WARN_UNINITIALIZED_AUTOS = YES_AGGRESSIVE;
				GCC_WARN_UNUSED_FUNCTION = YES;
				GCC_WARN_UNUSED_VARIABLE = YES;
				IPHONEOS_DEPLOYMENT_TARGET = 10.2;
				MTL_ENABLE_DEBUG_INFO = NO;
				SDKROOT = iphoneos;
				SWIFT_OPTIMIZATION_LEVEL = "-Owholemodule";
				TARGETED_DEVICE_FAMILY = "1,2";
				VALIDATE_PRODUCT = YES;
			};
			name = Release;
		};
		DAC956C91E83BFEA000D3D30 /* Debug */ = {
			isa = XCBuildConfiguration;
			buildSettings = {
				ASSETCATALOG_COMPILER_APPICON_NAME = AppIcon;
				INFOPLIST_FILE = DreamLister/Info.plist;
				LD_RUNPATH_SEARCH_PATHS = "$(inherited) @executable_path/Frameworks";
				PRODUCT_BUNDLE_IDENTIFIER = paul.DreamLister;
				PRODUCT_NAME = "$(TARGET_NAME)";
				SWIFT_VERSION = 3.0;
			};
			name = Debug;
		};
		DAC956CA1E83BFEA000D3D30 /* Release */ = {
			isa = XCBuildConfiguration;
			buildSettings = {
				ASSETCATALOG_COMPILER_APPICON_NAME = AppIcon;
				INFOPLIST_FILE = DreamLister/Info.plist;
				LD_RUNPATH_SEARCH_PATHS = "$(inherited) @executable_path/Frameworks";
				PRODUCT_BUNDLE_IDENTIFIER = paul.DreamLister;
				PRODUCT_NAME = "$(TARGET_NAME)";
				SWIFT_VERSION = 3.0;
			};
			name = Release;
		};
		DAC956CC1E83BFEA000D3D30 /* Debug */ = {
			isa = XCBuildConfiguration;
			buildSettings = {
				ALWAYS_EMBED_SWIFT_STANDARD_LIBRARIES = YES;
				BUNDLE_LOADER = "$(TEST_HOST)";
				INFOPLIST_FILE = DreamListerTests/Info.plist;
				LD_RUNPATH_SEARCH_PATHS = "$(inherited) @executable_path/Frameworks @loader_path/Frameworks";
				PRODUCT_BUNDLE_IDENTIFIER = paul.DreamListerTests;
				PRODUCT_NAME = "$(TARGET_NAME)";
				SWIFT_VERSION = 3.0;
				TEST_HOST = "$(BUILT_PRODUCTS_DIR)/DreamLister.app/DreamLister";
			};
			name = Debug;
		};
		DAC956CD1E83BFEA000D3D30 /* Release */ = {
			isa = XCBuildConfiguration;
			buildSettings = {
				ALWAYS_EMBED_SWIFT_STANDARD_LIBRARIES = YES;
				BUNDLE_LOADER = "$(TEST_HOST)";
				INFOPLIST_FILE = DreamListerTests/Info.plist;
				LD_RUNPATH_SEARCH_PATHS = "$(inherited) @executable_path/Frameworks @loader_path/Frameworks";
				PRODUCT_BUNDLE_IDENTIFIER = paul.DreamListerTests;
				PRODUCT_NAME = "$(TARGET_NAME)";
				SWIFT_VERSION = 3.0;
				TEST_HOST = "$(BUILT_PRODUCTS_DIR)/DreamLister.app/DreamLister";
			};
			name = Release;
		};
		DAC956CF1E83BFEA000D3D30 /* Debug */ = {
			isa = XCBuildConfiguration;
			buildSettings = {
				ALWAYS_EMBED_SWIFT_STANDARD_LIBRARIES = YES;
				INFOPLIST_FILE = DreamListerUITests/Info.plist;
				LD_RUNPATH_SEARCH_PATHS = "$(inherited) @executable_path/Frameworks @loader_path/Frameworks";
				PRODUCT_BUNDLE_IDENTIFIER = paul.DreamListerUITests;
				PRODUCT_NAME = "$(TARGET_NAME)";
				SWIFT_VERSION = 3.0;
				TEST_TARGET_NAME = DreamLister;
			};
			name = Debug;
		};
		DAC956D01E83BFEA000D3D30 /* Release */ = {
			isa = XCBuildConfiguration;
			buildSettings = {
				ALWAYS_EMBED_SWIFT_STANDARD_LIBRARIES = YES;
				INFOPLIST_FILE = DreamListerUITests/Info.plist;
				LD_RUNPATH_SEARCH_PATHS = "$(inherited) @executable_path/Frameworks @loader_path/Frameworks";
				PRODUCT_BUNDLE_IDENTIFIER = paul.DreamListerUITests;
				PRODUCT_NAME = "$(TARGET_NAME)";
				SWIFT_VERSION = 3.0;
				TEST_TARGET_NAME = DreamLister;
			};
			name = Release;
		};
/* End XCBuildConfiguration section */

/* Begin XCConfigurationList section */
		DAC956981E83BFEA000D3D30 /* Build configuration list for PBXProject "DreamLister" */ = {
			isa = XCConfigurationList;
			buildConfigurations = (
				DAC956C61E83BFEA000D3D30 /* Debug */,
				DAC956C71E83BFEA000D3D30 /* Release */,
			);
			defaultConfigurationIsVisible = 0;
			defaultConfigurationName = Release;
		};
		DAC956C81E83BFEA000D3D30 /* Build configuration list for PBXNativeTarget "DreamLister" */ = {
			isa = XCConfigurationList;
			buildConfigurations = (
				DAC956C91E83BFEA000D3D30 /* Debug */,
				DAC956CA1E83BFEA000D3D30 /* Release */,
			);
			defaultConfigurationIsVisible = 0;
			defaultConfigurationName = Release;
		};
		DAC956CB1E83BFEA000D3D30 /* Build configuration list for PBXNativeTarget "DreamListerTests" */ = {
			isa = XCConfigurationList;
			buildConfigurations = (
				DAC956CC1E83BFEA000D3D30 /* Debug */,
				DAC956CD1E83BFEA000D3D30 /* Release */,
			);
			defaultConfigurationIsVisible = 0;
			defaultConfigurationName = Release;
		};
		DAC956CE1E83BFEA000D3D30 /* Build configuration list for PBXNativeTarget "DreamListerUITests" */ = {
			isa = XCConfigurationList;
			buildConfigurations = (
				DAC956CF1E83BFEA000D3D30 /* Debug */,
				DAC956D01E83BFEA000D3D30 /* Release */,
			);
			defaultConfigurationIsVisible = 0;
			defaultConfigurationName = Release;
		};
/* End XCConfigurationList section */

/* Begin XCVersionGroup section */
		DAC956A71E83BFEA000D3D30 /* DreamLister.xcdatamodeld */ = {
			isa = XCVersionGroup;
			children = (
				DAC956A81E83BFEA000D3D30 /* DreamLister.xcdatamodel */,
			);
			currentVersion = DAC956A81E83BFEA000D3D30 /* DreamLister.xcdatamodel */;
			path = DreamLister.xcdatamodeld;
			sourceTree = "<group>";
			versionGroupType = wrapper.xcdatamodel;
		};
/* End XCVersionGroup section */
	};
	rootObject = DAC956951E83BFEA000D3D30 /* Project object */;
}
